
Microsoft Visual Studio Solution File, Format Version 11.00
# Visual Studio 2010
Project("{FAE04EC0-301F-11D3-BF4B-00C04F79EFBC}") = "UnityEngine.UI", "UnityEngine.UI.csproj", "{fbc4121b-877e-f719-2a65-16cb6542edf5}"
EndProject
Project("{FAE04EC0-301F-11D3-BF4B-00C04F79EFBC}") = "UnityEngine.TestRunner", "UnityEngine.TestRunner.csproj", "{f07ce40b-ecbc-551a-642f-08c10a59ce4b}"
EndProject
Project("{FAE04EC0-301F-11D3-BF4B-00C04F79EFBC}") = "Unity.VisualScripting.Flow", "Unity.VisualScripting.Flow.csproj", "{135b4b2f-22bf-d629-58b2-46a6b64f7fc7}"
EndProject
Project("{FAE04EC0-301F-11D3-BF4B-00C04F79EFBC}") = "Unity.Services.Core.Telemetry", "Unity.Services.Core.Telemetry.csproj", "{9fe282d2-dae4-2e9e-4edf-b73c3f7e6eb9}"
EndProject
Project("{FAE04EC0-301F-11D3-BF4B-00C04F79EFBC}") = "Unity.VisualScripting.State", "Unity.VisualScripting.State.csproj", "{e4a254e0-c2e6-bf60-70db-1d0f9500f2ac}"
EndProject
Project("{FAE04EC0-301F-11D3-BF4B-00C04F79EFBC}") = "Unity.VisualScripting.Core", "Unity.VisualScripting.Core.csproj", "{5e48baf6-79a7-1015-e65c-94d77746afea}"
EndProject
Project("{FAE04EC0-301F-11D3-BF4B-00C04F79EFBC}") = "UnityEngine.Monetization", "UnityEngine.Monetization.csproj", "{5c210051-9602-b241-2fbb-dd8e409a0fa2}"
EndProject
Project("{FAE04EC0-301F-11D3-BF4B-00C04F79EFBC}") = "Unity.Services.Core.Environments.Internal", "Unity.Services.Core.Environments.Internal.csproj", "{1c7480d1-6375-c568-5da6-022817c19c17}"
EndProject
Project("{FAE04EC0-301F-11D3-BF4B-00C04F79EFBC}") = "Unity.TextMeshPro", "Unity.TextMeshPro.csproj", "{90bc6267-8d8b-b81a-e774-515b71a02a25}"
EndProject
Project("{FAE04EC0-301F-11D3-BF4B-00C04F79EFBC}") = "UnityEngine.Advertisements", "UnityEngine.Advertisements.csproj", "{ab90cd91-2b51-a699-11d1-c65616d943bf}"
EndProject
Project("{FAE04EC0-301F-11D3-BF4B-00C04F79EFBC}") = "Unity.Timeline", "Unity.Timeline.csproj", "{2aafb90a-4891-87c9-377a-e448810bb3da}"
EndProject
Project("{FAE04EC0-301F-11D3-BF4B-00C04F79EFBC}") = "Assembly-CSharp", "Assembly-CSharp.csproj", "{1f66819f-297b-56a0-76f6-80975179dce0}"
EndProject
Project("{FAE04EC0-301F-11D3-BF4B-00C04F79EFBC}") = "Unity.Services.Core.Environments", "Unity.Services.Core.Environments.csproj", "{0cd85c4b-15bb-ba84-46f9-f1f1f238a4c2}"
EndProject
Project("{FAE04EC0-301F-11D3-BF4B-00C04F79EFBC}") = "Unity.Services.Core.Internal", "Unity.Services.Core.Internal.csproj", "{2dd04609-754b-27eb-c18e-8f1d79af2881}"
EndProject
Project("{FAE04EC0-301F-11D3-BF4B-00C04F79EFBC}") = "Unity.Services.Core.Analytics", "Unity.Services.Core.Analytics.csproj", "{6b988d0c-29f4-2a3a-61d2-676bc2d2be5c}"
EndProject
Project("{FAE04EC0-301F-11D3-BF4B-00C04F79EFBC}") = "Unity.Services.Core.Scheduler", "Unity.Services.Core.Scheduler.csproj", "{90d5e612-be93-d67d-400e-ed24c41cd08e}"
EndProject
Project("{FAE04EC0-301F-11D3-BF4B-00C04F79EFBC}") = "Unity.Services.Core.Registration", "Unity.Services.Core.Registration.csproj", "{1b04acb6-637a-0b05-04e8-384454e49c9a}"
EndProject
Project("{FAE04EC0-301F-11D3-BF4B-00C04F79EFBC}") = "Unity.Services.Core.Device", "Unity.Services.Core.Device.csproj", "{9ae6be0f-3b19-1991-a83f-e381468189f7}"
EndProject
Project("{FAE04EC0-301F-11D3-BF4B-00C04F79EFBC}") = "Unity.Services.Core.Threading", "Unity.Services.Core.Threading.csproj", "{280cbc18-481c-0f4d-021e-9f30961c9509}"
EndProject
Project("{FAE04EC0-301F-11D3-BF4B-00C04F79EFBC}") = "Unity.Services.Core.Networking", "Unity.Services.Core.Networking.csproj", "{3a155b59-5018-dfaa-07b3-72e2117a7192}"
EndProject
Project("{FAE04EC0-301F-11D3-BF4B-00C04F79EFBC}") = "Unity.Services.Core", "Unity.Services.Core.csproj", "{ee312673-8686-ebcd-da1e-ff99e92eadae}"
EndProject
Project("{FAE04EC0-301F-11D3-BF4B-00C04F79EFBC}") = "Unity.Services.Core.Configuration", "Unity.Services.Core.Configuration.csproj", "{d2badec9-5072-1145-6bb4-3c01178106da}"
EndProject
Project("{FAE04EC0-301F-11D3-BF4B-00C04F79EFBC}") = "Unity.PlasticSCM.Editor", "Unity.PlasticSCM.Editor.csproj", "{32519e28-9aee-1cc1-919d-7bb53e7e19a5}"
EndProject
Project("{FAE04EC0-301F-11D3-BF4B-00C04F79EFBC}") = "Unity.VisualScripting.Core.Editor", "Unity.VisualScripting.Core.Editor.csproj", "{99a7ce3f-af96-efe3-c857-42ff6eba1d19}"
EndProject
Project("{FAE04EC0-301F-11D3-BF4B-00C04F79EFBC}") = "Unity.VisualScripting.Flow.Editor", "Unity.VisualScripting.Flow.Editor.csproj", "{7fb84fdf-36ff-5d1d-095d-4d649321f743}"
EndProject
Project("{FAE04EC0-301F-11D3-BF4B-00C04F79EFBC}") = "Unity.VisualStudio.Editor", "Unity.VisualStudio.Editor.csproj", "{eedba63f-fc1b-69ca-5588-4f37a4dbd6eb}"
EndProject
Project("{FAE04EC0-301F-11D3-BF4B-00C04F79EFBC}") = "Unity.Timeline.Editor", "Unity.Timeline.Editor.csproj", "{f132107d-5d93-55b6-c8a1-1ca5ca25a8ac}"
EndProject
Project("{FAE04EC0-301F-11D3-BF4B-00C04F79EFBC}") = "Unity.VisualScripting.State.Editor", "Unity.VisualScripting.State.Editor.csproj", "{d72d06d4-db63-4061-a818-e024d3be7851}"
EndProject
Project("{FAE04EC0-301F-11D3-BF4B-00C04F79EFBC}") = "Unity.TextMeshPro.Editor", "Unity.TextMeshPro.Editor.csproj", "{53989779-64c3-7dab-b1ea-5c684135de3c}"
EndProject
Project("{FAE04EC0-301F-11D3-BF4B-00C04F79EFBC}") = "Unity.VisualScripting.SettingsProvider.Editor", "Unity.VisualScripting.SettingsProvider.Editor.csproj", "{d9f57121-5701-3b08-9573-cca589b6b0dd}"
EndProject
Project("{FAE04EC0-301F-11D3-BF4B-00C04F79EFBC}") = "Unity.CollabProxy.Editor", "Unity.CollabProxy.Editor.csproj", "{504e134d-e39a-7229-b14f-f57a60195acf}"
EndProject
Project("{FAE04EC0-301F-11D3-BF4B-00C04F79EFBC}") = "UnityEditor.TestRunner", "UnityEditor.TestRunner.csproj", "{2ceae388-5f20-2c59-5e72-f039c0d59c96}"
EndProject
Project("{FAE04EC0-301F-11D3-BF4B-00C04F79EFBC}") = "Unity.Services.Core.Editor", "Unity.Services.Core.Editor.csproj", "{f1c3cfeb-fdc5-9594-6479-54e88e83f7a9}"
EndProject
Project("{FAE04EC0-301F-11D3-BF4B-00C04F79EFBC}") = "Unity.TestTools.CodeCoverage.Editor", "Unity.TestTools.CodeCoverage.Editor.csproj", "{38ff786c-997a-7a4c-0f15-a74b75993ce6}"
EndProject
Project("{FAE04EC0-301F-11D3-BF4B-00C04F79EFBC}") = "UnityEngine.Advertisements.Editor", "UnityEngine.Advertisements.Editor.csproj", "{0dc1a243-f556-5462-94a2-2293ea3d9a82}"
EndProject
Project("{FAE04EC0-301F-11D3-BF4B-00C04F79EFBC}") = "Unity.Rider.Editor", "Unity.Rider.Editor.csproj", "{cf8db4b2-02d7-bb01-d28e-42b3cbfb7fd6}"
EndProject
Project("{FAE04EC0-301F-11D3-BF4B-00C04F79EFBC}") = "Unity.Performance.Profile-Analyzer.Editor", "Unity.Performance.Profile-Analyzer.Editor.csproj", "{3edcb1b2-82e0-3fcd-2d44-17e0bc2fd4b3}"
EndProject
Project("{FAE04EC0-301F-11D3-BF4B-00C04F79EFBC}") = "UnityEngine.Advertisements.DevX.Editor", "UnityEngine.Advertisements.DevX.Editor.csproj", "{50d0c4d9-60e1-9f7f-04be-5924f40af733}"
EndProject
Project("{FAE04EC0-301F-11D3-BF4B-00C04F79EFBC}") = "Unity.VSCode.Editor", "Unity.VSCode.Editor.csproj", "{c607f79c-7adf-1900-b006-dbd280fdb2dd}"
EndProject
Project("{FAE04EC0-301F-11D3-BF4B-00C04F79EFBC}") = "UnityEditor.UI", "UnityEditor.UI.csproj", "{d1d37245-3445-d559-e833-4d1d3c146766}"
EndProject
Project("{FAE04EC0-301F-11D3-BF4B-00C04F79EFBC}") = "Unity.TestTools.CodeCoverage.Editor.OpenCover.Model", "Unity.TestTools.CodeCoverage.Editor.OpenCover.Model.csproj", "{2a34e1dc-6495-14b2-945a-eb5afcea1e49}"
EndProject
Project("{FAE04EC0-301F-11D3-BF4B-00C04F79EFBC}") = "Unity.EditorCoroutines.Editor", "Unity.EditorCoroutines.Editor.csproj", "{76cc0ad7-4541-8135-e278-e7b5caeb4ac2}"
EndProject
Project("{FAE04EC0-301F-11D3-BF4B-00C04F79EFBC}") = "Unity.Settings.Editor", "Unity.Settings.Editor.csproj", "{72b1ed08-5b9c-94fc-34b8-756148e99d37}"
EndProject
Project("{FAE04EC0-301F-11D3-BF4B-00C04F79EFBC}") = "Unity.Services.Core.Configuration.Editor", "Unity.Services.Core.Configuration.Editor.csproj", "{78fb1cbc-ed51-241c-554f-06cb50616c26}"
EndProject
Project("{FAE04EC0-301F-11D3-BF4B-00C04F79EFBC}") = "Unity.TestTools.CodeCoverage.Editor.OpenCover.Mono.Reflection", "Unity.TestTools.CodeCoverage.Editor.OpenCover.Mono.Reflection.csproj", "{a8149225-d42a-502d-1f9e-9e5baec1c85c}"
EndProject
Project("{FAE04EC0-301F-11D3-BF4B-00C04F79EFBC}") = "Unity.VisualScripting.Shared.Editor", "Unity.VisualScripting.Shared.Editor.csproj", "{2c46ae0e-f6a7-23bf-22bc-17ee4d653e14}"
EndProject
Global
	GlobalSection(SolutionConfigurationPlatforms) = preSolution
		Debug|Any CPU = Debug|Any CPU
	EndGlobalSection
	GlobalSection(ProjectConfigurationPlatforms) = postSolution
		{fbc4121b-877e-f719-2a65-16cb6542edf5}.Debug|Any CPU.ActiveCfg = Debug|Any CPU
		{fbc4121b-877e-f719-2a65-16cb6542edf5}.Debug|Any CPU.Build.0 = Debug|Any CPU
		{f07ce40b-ecbc-551a-642f-08c10a59ce4b}.Debug|Any CPU.ActiveCfg = Debug|Any CPU
		{f07ce40b-ecbc-551a-642f-08c10a59ce4b}.Debug|Any CPU.Build.0 = Debug|Any CPU
		{135b4b2f-22bf-d629-58b2-46a6b64f7fc7}.Debug|Any CPU.ActiveCfg = Debug|Any CPU
		{135b4b2f-22bf-d629-58b2-46a6b64f7fc7}.Debug|Any CPU.Build.0 = Debug|Any CPU
		{9fe282d2-dae4-2e9e-4edf-b73c3f7e6eb9}.Debug|Any CPU.ActiveCfg = Debug|Any CPU
		{9fe282d2-dae4-2e9e-4edf-b73c3f7e6eb9}.Debug|Any CPU.Build.0 = Debug|Any CPU
		{e4a254e0-c2e6-bf60-70db-1d0f9500f2ac}.Debug|Any CPU.ActiveCfg = Debug|Any CPU
		{e4a254e0-c2e6-bf60-70db-1d0f9500f2ac}.Debug|Any CPU.Build.0 = Debug|Any CPU
		{5e48baf6-79a7-1015-e65c-94d77746afea}.Debug|Any CPU.ActiveCfg = Debug|Any CPU
		{5e48baf6-79a7-1015-e65c-94d77746afea}.Debug|Any CPU.Build.0 = Debug|Any CPU
		{5c210051-9602-b241-2fbb-dd8e409a0fa2}.Debug|Any CPU.ActiveCfg = Debug|Any CPU
		{5c210051-9602-b241-2fbb-dd8e409a0fa2}.Debug|Any CPU.Build.0 = Debug|Any CPU
		{1c7480d1-6375-c568-5da6-022817c19c17}.Debug|Any CPU.ActiveCfg = Debug|Any CPU
		{1c7480d1-6375-c568-5da6-022817c19c17}.Debug|Any CPU.Build.0 = Debug|Any CPU
		{90bc6267-8d8b-b81a-e774-515b71a02a25}.Debug|Any CPU.ActiveCfg = Debug|Any CPU
		{90bc6267-8d8b-b81a-e774-515b71a02a25}.Debug|Any CPU.Build.0 = Debug|Any CPU
		{ab90cd91-2b51-a699-11d1-c65616d943bf}.Debug|Any CPU.ActiveCfg = Debug|Any CPU
		{ab90cd91-2b51-a699-11d1-c65616d943bf}.Debug|Any CPU.Build.0 = Debug|Any CPU
		{2aafb90a-4891-87c9-377a-e448810bb3da}.Debug|Any CPU.ActiveCfg = Debug|Any CPU
		{2aafb90a-4891-87c9-377a-e448810bb3da}.Debug|Any CPU.Build.0 = Debug|Any CPU
		{1f66819f-297b-56a0-76f6-80975179dce0}.Debug|Any CPU.ActiveCfg = Debug|Any CPU
		{1f66819f-297b-56a0-76f6-80975179dce0}.Debug|Any CPU.Build.0 = Debug|Any CPU
		{0cd85c4b-15bb-ba84-46f9-f1f1f238a4c2}.Debug|Any CPU.ActiveCfg = Debug|Any CPU
		{0cd85c4b-15bb-ba84-46f9-f1f1f238a4c2}.Debug|Any CPU.Build.0 = Debug|Any CPU
		{2dd04609-754b-27eb-c18e-8f1d79af2881}.Debug|Any CPU.ActiveCfg = Debug|Any CPU
		{2dd04609-754b-27eb-c18e-8f1d79af2881}.Debug|Any CPU.Build.0 = Debug|Any CPU
		{6b988d0c-29f4-2a3a-61d2-676bc2d2be5c}.Debug|Any CPU.ActiveCfg = Debug|Any CPU
		{6b988d0c-29f4-2a3a-61d2-676bc2d2be5c}.Debug|Any CPU.Build.0 = Debug|Any CPU
		{90d5e612-be93-d67d-400e-ed24c41cd08e}.Debug|Any CPU.ActiveCfg = Debug|Any CPU
		{90d5e612-be93-d67d-400e-ed24c41cd08e}.Debug|Any CPU.Build.0 = Debug|Any CPU
		{1b04acb6-637a-0b05-04e8-384454e49c9a}.Debug|Any CPU.ActiveCfg = Debug|Any CPU
		{1b04acb6-637a-0b05-04e8-384454e49c9a}.Debug|Any CPU.Build.0 = Debug|Any CPU
		{9ae6be0f-3b19-1991-a83f-e381468189f7}.Debug|Any CPU.ActiveCfg = Debug|Any CPU
		{9ae6be0f-3b19-1991-a83f-e381468189f7}.Debug|Any CPU.Build.0 = Debug|Any CPU
		{280cbc18-481c-0f4d-021e-9f30961c9509}.Debug|Any CPU.ActiveCfg = Debug|Any CPU
		{280cbc18-481c-0f4d-021e-9f30961c9509}.Debug|Any CPU.Build.0 = Debug|Any CPU
		{3a155b59-5018-dfaa-07b3-72e2117a7192}.Debug|Any CPU.ActiveCfg = Debug|Any CPU
		{3a155b59-5018-dfaa-07b3-72e2117a7192}.Debug|Any CPU.Build.0 = Debug|Any CPU
		{ee312673-8686-ebcd-da1e-ff99e92eadae}.Debug|Any CPU.ActiveCfg = Debug|Any CPU
		{ee312673-8686-ebcd-da1e-ff99e92eadae}.Debug|Any CPU.Build.0 = Debug|Any CPU
		{d2badec9-5072-1145-6bb4-3c01178106da}.Debug|Any CPU.ActiveCfg = Debug|Any CPU
		{d2badec9-5072-1145-6bb4-3c01178106da}.Debug|Any CPU.Build.0 = Debug|Any CPU
		{32519e28-9aee-1cc1-919d-7bb53e7e19a5}.Debug|Any CPU.ActiveCfg = Debug|Any CPU
		{32519e28-9aee-1cc1-919d-7bb53e7e19a5}.Debug|Any CPU.Build.0 = Debug|Any CPU
		{99a7ce3f-af96-efe3-c857-42ff6eba1d19}.Debug|Any CPU.ActiveCfg = Debug|Any CPU
		{99a7ce3f-af96-efe3-c857-42ff6eba1d19}.Debug|Any CPU.Build.0 = Debug|Any CPU
		{7fb84fdf-36ff-5d1d-095d-4d649321f743}.Debug|Any CPU.ActiveCfg = Debug|Any CPU
		{7fb84fdf-36ff-5d1d-095d-4d649321f743}.Debug|Any CPU.Build.0 = Debug|Any CPU
		{eedba63f-fc1b-69ca-5588-4f37a4dbd6eb}.Debug|Any CPU.ActiveCfg = Debug|Any CPU
		{eedba63f-fc1b-69ca-5588-4f37a4dbd6eb}.Debug|Any CPU.Build.0 = Debug|Any CPU
		{f132107d-5d93-55b6-c8a1-1ca5ca25a8ac}.Debug|Any CPU.ActiveCfg = Debug|Any CPU
		{f132107d-5d93-55b6-c8a1-1ca5ca25a8ac}.Debug|Any CPU.Build.0 = Debug|Any CPU
		{d72d06d4-db63-4061-a818-e024d3be7851}.Debug|Any CPU.ActiveCfg = Debug|Any CPU
		{d72d06d4-db63-4061-a818-e024d3be7851}.Debug|Any CPU.Build.0 = Debug|Any CPU
		{53989779-64c3-7dab-b1ea-5c684135de3c}.Debug|Any CPU.ActiveCfg = Debug|Any CPU
		{53989779-64c3-7dab-b1ea-5c684135de3c}.Debug|Any CPU.Build.0 = Debug|Any CPU
		{d9f57121-5701-3b08-9573-cca589b6b0dd}.Debug|Any CPU.ActiveCfg = Debug|Any CPU
		{d9f57121-5701-3b08-9573-cca589b6b0dd}.Debug|Any CPU.Build.0 = Debug|Any CPU
		{504e134d-e39a-7229-b14f-f57a60195acf}.Debug|Any CPU.ActiveCfg = Debug|Any CPU
		{504e134d-e39a-7229-b14f-f57a60195acf}.Debug|Any CPU.Build.0 = Debug|Any CPU
		{2ceae388-5f20-2c59-5e72-f039c0d59c96}.Debug|Any CPU.ActiveCfg = Debug|Any CPU
		{2ceae388-5f20-2c59-5e72-f039c0d59c96}.Debug|Any CPU.Build.0 = Debug|Any CPU
		{f1c3cfeb-fdc5-9594-6479-54e88e83f7a9}.Debug|Any CPU.ActiveCfg = Debug|Any CPU
		{f1c3cfeb-fdc5-9594-6479-54e88e83f7a9}.Debug|Any CPU.Build.0 = Debug|Any CPU
		{38ff786c-997a-7a4c-0f15-a74b75993ce6}.Debug|Any CPU.ActiveCfg = Debug|Any CPU
		{38ff786c-997a-7a4c-0f15-a74b75993ce6}.Debug|Any CPU.Build.0 = Debug|Any CPU
		{0dc1a243-f556-5462-94a2-2293ea3d9a82}.Debug|Any CPU.ActiveCfg = Debug|Any CPU
		{0dc1a243-f556-5462-94a2-2293ea3d9a82}.Debug|Any CPU.Build.0 = Debug|Any CPU
		{cf8db4b2-02d7-bb01-d28e-42b3cbfb7fd6}.Debug|Any CPU.ActiveCfg = Debug|Any CPU
		{cf8db4b2-02d7-bb01-d28e-42b3cbfb7fd6}.Debug|Any CPU.Build.0 = Debug|Any CPU
		{3edcb1b2-82e0-3fcd-2d44-17e0bc2fd4b3}.Debug|Any CPU.ActiveCfg = Debug|Any CPU
		{3edcb1b2-82e0-3fcd-2d44-17e0bc2fd4b3}.Debug|Any CPU.Build.0 = Debug|Any CPU
		{50d0c4d9-60e1-9f7f-04be-5924f40af733}.Debug|Any CPU.ActiveCfg = Debug|Any CPU
		{50d0c4d9-60e1-9f7f-04be-5924f40af733}.Debug|Any CPU.Build.0 = Debug|Any CPU
		{c607f79c-7adf-1900-b006-dbd280fdb2dd}.Debug|Any CPU.ActiveCfg = Debug|Any CPU
		{c607f79c-7adf-1900-b006-dbd280fdb2dd}.Debug|Any CPU.Build.0 = Debug|Any CPU
		{d1d37245-3445-d559-e833-4d1d3c146766}.Debug|Any CPU.ActiveCfg = Debug|Any CPU
		{d1d37245-3445-d559-e833-4d1d3c146766}.Debug|Any CPU.Build.0 = Debug|Any CPU
		{2a34e1dc-6495-14b2-945a-eb5afcea1e49}.Debug|Any CPU.ActiveCfg = Debug|Any CPU
		{2a34e1dc-6495-14b2-945a-eb5afcea1e49}.Debug|Any CPU.Build.0 = Debug|Any CPU
		{76cc0ad7-4541-8135-e278-e7b5caeb4ac2}.Debug|Any CPU.ActiveCfg = Debug|Any CPU
		{76cc0ad7-4541-8135-e278-e7b5caeb4ac2}.Debug|Any CPU.Build.0 = Debug|Any CPU
		{72b1ed08-5b9c-94fc-34b8-756148e99d37}.Debug|Any CPU.ActiveCfg = Debug|Any CPU
		{72b1ed08-5b9c-94fc-34b8-756148e99d37}.Debug|Any CPU.Build.0 = Debug|Any CPU
		{78fb1cbc-ed51-241c-554f-06cb50616c26}.Debug|Any CPU.ActiveCfg = Debug|Any CPU
		{78fb1cbc-ed51-241c-554f-06cb50616c26}.Debug|Any CPU.Build.0 = Debug|Any CPU
		{a8149225-d42a-502d-1f9e-9e5baec1c85c}.Debug|Any CPU.ActiveCfg = Debug|Any CPU
		{a8149225-d42a-502d-1f9e-9e5baec1c85c}.Debug|Any CPU.Build.0 = Debug|Any CPU
		{2c46ae0e-f6a7-23bf-22bc-17ee4d653e14}.Debug|Any CPU.ActiveCfg = Debug|Any CPU
		{2c46ae0e-f6a7-23bf-22bc-17ee4d653e14}.Debug|Any CPU.Build.0 = Debug|Any CPU
	EndGlobalSection
	GlobalSection(SolutionProperties) = preSolution
		HideSolutionNode = FALSE
	EndGlobalSection
EndGlobal
